
Microsoft Visual Studio Solution File, Format Version 12.00
# Visual Studio Version 17
VisualStudioVersion = 17.4.33110.190
MinimumVisualStudioVersion = 10.0.40219.1
Project("{FAE04EC0-301F-11D3-BF4B-00C04F79EFBC}") = "UnitTestHomework", "UnitTestHomework\UnitTestHomework.csproj", "{6CE66BF5-9C7B-4674-B02F-DBA9BDAFEC83}"
EndProject
Project("{2150E333-8FDC-42A3-9474-1A3956D46DE8}") = "Test", "Test", "{115AAFF3-8AF9-4EF5-92B3-582C1F31144B}"
EndProject
Project("{FAE04EC0-301F-11D3-BF4B-00C04F79EFBC}") = "Test", "Test\Test.csproj", "{60C52A2C-6DB0-43E2-8375-2360FACE491C}"
EndProject
Global
	GlobalSection(SolutionConfigurationPlatforms) = preSolution
		Debug|Any CPU = Debug|Any CPU
		Release|Any CPU = Release|Any CPU
	EndGlobalSection
	GlobalSection(ProjectConfigurationPlatforms) = postSolution
		{6CE66BF5-9C7B-4674-B02F-DBA9BDAFEC83}.Debug|Any CPU.ActiveCfg = Debug|Any CPU
		{6CE66BF5-9C7B-4674-B02F-DBA9BDAFEC83}.Debug|Any CPU.Build.0 = Debug|Any CPU
		{6CE66BF5-9C7B-4674-B02F-DBA9BDAFEC83}.Release|Any CPU.ActiveCfg = Release|Any CPU
		{6CE66BF5-9C7B-4674-B02F-DBA9BDAFEC83}.Release|Any CPU.Build.0 = Release|Any CPU
		{60C52A2C-6DB0-43E2-8375-2360FACE491C}.Debug|Any CPU.ActiveCfg = Debug|Any CPU
		{60C52A2C-6DB0-43E2-8375-2360FACE491C}.Debug|Any CPU.Build.0 = Debug|Any CPU
		{60C52A2C-6DB0-43E2-8375-2360FACE491C}.Release|Any CPU.ActiveCfg = Release|Any CPU
		{60C52A2C-6DB0-43E2-8375-2360FACE491C}.Release|Any CPU.Build.0 = Release|Any CPU
	EndGlobalSection
	GlobalSection(SolutionProperties) = preSolution
		HideSolutionNode = FALSE
	EndGlobalSection
	GlobalSection(NestedProjects) = preSolution
		{60C52A2C-6DB0-43E2-8375-2360FACE491C} = {115AAFF3-8AF9-4EF5-92B3-582C1F31144B}
	EndGlobalSection
	GlobalSection(ExtensibilityGlobals) = postSolution
		SolutionGuid = {86462473-4AA0-451E-838B-D4CEE371D92D}
	EndGlobalSection
EndGlobal
